
Microsoft Visual Studio Solution File, Format Version 12.00
Project("{FAE04EC0-301F-11D3-BF4B-00C04F79EFBC}") = "TronScan.API", "TronScan.API\TronScan.API.csproj", "{07E4FC5A-DF66-4715-898A-CAFB4ACF3E1F}"
EndProject
Global
	GlobalSection(SolutionConfigurationPlatforms) = preSolution
		Debug|Any CPU = Debug|Any CPU
		Release|Any CPU = Release|Any CPU
	EndGlobalSection
	GlobalSection(ProjectConfigurationPlatforms) = postSolution
		{07E4FC5A-DF66-4715-898A-CAFB4ACF3E1F}.Debug|Any CPU.ActiveCfg = Debug|Any CPU
		{07E4FC5A-DF66-4715-898A-CAFB4ACF3E1F}.Debug|Any CPU.Build.0 = Debug|Any CPU
		{07E4FC5A-DF66-4715-898A-CAFB4ACF3E1F}.Release|Any CPU.ActiveCfg = Release|Any CPU
		{07E4FC5A-DF66-4715-898A-CAFB4ACF3E1F}.Release|Any CPU.Build.0 = Release|Any CPU
	EndGlobalSection
EndGlobal
